<?xml version="1.0" encoding="utf-8"?>
<Project ToolsVersion="4.0" xmlns="http://schemas.microsoft.com/developer/msbuild/2003">
  <ItemGroup>
    <Filter Include="win32">
      <UniqueIdentifier>{84a8ebd7-7cf0-47f6-b75e-d441df67da40}</UniqueIdentifier>
    </Filter>
    <Filter Include="resource">
      <UniqueIdentifier>{715254bc-d70b-4ec5-bf29-467dd3ace079}</UniqueIdentifier>
    </Filter>
    <Filter Include="src">
      <UniqueIdentifier>{bb6c862e-70e9-49d9-81b7-3829a6f50471}</UniqueIdentifier>
    </Filter>
    <Filter Include="src\testcode">
      <UniqueIdentifier>{9480f1ec-2403-43af-a5b4-82f1c64ebe0b}</UniqueIdentifier>
    </Filter>
    <Filter Include="src\testcode\scollview">
      <UniqueIdentifier>{309c0273-f414-4c35-906a-974bc9ba6a56}</UniqueIdentifier>
    </Filter>
    <Filter Include="src\dxutils">
      <UniqueIdentifier>{1cbf846c-23c4-4831-b7cc-6ea48670502c}</UniqueIdentifier>
    </Filter>
    <Filter Include="src\testcode\lotteryTurnTable">
      <UniqueIdentifier>{7bb170b7-2af3-4abc-9f72-daf9169bc4e8}</UniqueIdentifier>
    </Filter>
    <Filter Include="src\testcode\urls">
      <UniqueIdentifier>{97ce6cc0-5ef6-477a-aea2-2fc5511709ed}</UniqueIdentifier>
    </Filter>
  </ItemGroup>
  <ItemGroup>
    <ClCompile Include="main.cpp">
      <Filter>win32</Filter>
    </ClCompile>
    <ClCompile Include="..\Classes\AppDelegate.cpp">
      <Filter>src</Filter>
    </ClCompile>
    <ClCompile Include="..\Classes\HelloWorldScene.cpp">
      <Filter>src</Filter>
    </ClCompile>
    <ClCompile Include="..\Classes\iconvstring.cpp">
      <Filter>src</Filter>
    </ClCompile>
    <ClCompile Include="..\Classes\testcode\scollview\adLayer.cpp">
      <Filter>src\testcode\scollview</Filter>
    </ClCompile>
    <ClCompile Include="..\Classes\dxutils\EventManager.cpp">
      <Filter>src\dxutils</Filter>
    </ClCompile>
    <ClCompile Include="..\Classes\testcode\lotteryTurnTable\lotteryTurnTable.cpp">
      <Filter>src\testcode\lotteryTurnTable</Filter>
    </ClCompile>
    <ClCompile Include="..\Classes\dxutils\DxLayer.cpp">
      <Filter>src\dxutils</Filter>
    </ClCompile>
    <ClCompile Include="..\Classes\testcode\urls\openUrlByDefaultBrowser.cpp">
      <Filter>src\testcode\urls</Filter>
    </ClCompile>
    <ClCompile Include="..\Classes\dxutils\DxButton.cpp">
      <Filter>src\dxutils</Filter>
    </ClCompile>
    <ClCompile Include="..\Classes\dxutils\DxExtern.cpp">
      <Filter>src\dxutils</Filter>
    </ClCompile>
  </ItemGroup>
  <ItemGroup>
    <ClInclude Include="main.h">
      <Filter>win32</Filter>
    </ClInclude>
    <ClInclude Include="..\Classes\AppDelegate.h">
      <Filter>src</Filter>
    </ClInclude>
    <ClInclude Include="..\Classes\HelloWorldScene.h">
      <Filter>src</Filter>
    </ClInclude>
    <ClInclude Include="..\Classes\appdefs.h">
      <Filter>src</Filter>
    </ClInclude>
    <ClInclude Include="..\Classes\iconvstring.h">
      <Filter>src</Filter>
    </ClInclude>
    <ClInclude Include="..\Classes\dxconfigs.h">
      <Filter>src</Filter>
    </ClInclude>
    <ClInclude Include="..\Classes\testcode\scollview\adLayer.h">
      <Filter>src\testcode\scollview</Filter>
    </ClInclude>
    <ClInclude Include="..\Classes\testcode\testdefs.h">
      <Filter>src\testcode</Filter>
    </ClInclude>
    <ClInclude Include="..\Classes\dxutils\EventManager.h">
      <Filter>src\dxutils</Filter>
    </ClInclude>
    <ClInclude Include="..\Classes\testcode\lotteryTurnTable\lotteryTurnTable.h">
      <Filter>src\testcode\lotteryTurnTable</Filter>
    </ClInclude>
    <ClInclude Include="..\Classes\dxutils.h">
      <Filter>src</Filter>
    </ClInclude>
    <ClInclude Include="..\Classes\dxutils\DxLayer.h">
      <Filter>src\dxutils</Filter>
    </ClInclude>
    <ClInclude Include="..\Classes\testcode\urls\openUrlByDefaultBrowser.h">
      <Filter>src\testcode\urls</Filter>
    </ClInclude>
    <ClInclude Include="..\Classes\dxutils\DxButton.h">
      <Filter>src\dxutils</Filter>
    </ClInclude>
    <ClInclude Include="..\Classes\dxutils\DxExtern.h">
      <Filter>src\dxutils</Filter>
    </ClInclude>
    <ClInclude Include="..\Classes\testcode\dxtestCases.h">
      <Filter>src\testcode</Filter>
    </ClInclude>
  </ItemGroup>
  <ItemGroup>
    <ResourceCompile Include="game.rc">
      <Filter>resource</Filter>
    </ResourceCompile>
  </ItemGroup>
</Project>